
Microsoft Visual Studio Solution File, Format Version 12.00
# Visual Studio Version 16
VisualStudioVersion = 16.0.30413.136
MinimumVisualStudioVersion = 10.0.40219.1
Project("{FAE04EC0-301F-11D3-BF4B-00C04F79EFBC}") = "Website", "Website\Website.csproj", "{452DD1EE-28B2-47E4-B37A-CB20D0AEA9C6}"
	ProjectSection(ProjectDependencies) = postProject
		{4FB39320-9A9C-46E4-B933-EA35DC4944D1} = {4FB39320-9A9C-46E4-B933-EA35DC4944D1}
	EndProjectSection
EndProject
Project("{FAE04EC0-301F-11D3-BF4B-00C04F79EFBC}") = "Database_model", "Database_model\Database_model.csproj", "{CF961989-F792-41ED-A768-CDE169E70302}"
EndProject
Project("{FAE04EC0-301F-11D3-BF4B-00C04F79EFBC}") = "ServicesProject", "ServicesProject\ServicesProject.csproj", "{4FB39320-9A9C-46E4-B933-EA35DC4944D1}"
EndProject
Project("{FAE04EC0-301F-11D3-BF4B-00C04F79EFBC}") = "Winform", "Winform\Winform.csproj", "{1E3010FC-8A09-4E35-8EFF-DAD2A63820DA}"
	ProjectSection(ProjectDependencies) = postProject
		{4FB39320-9A9C-46E4-B933-EA35DC4944D1} = {4FB39320-9A9C-46E4-B933-EA35DC4944D1}
	EndProjectSection
EndProject
Global
	GlobalSection(SolutionConfigurationPlatforms) = preSolution
		Debug|Any CPU = Debug|Any CPU
		Release|Any CPU = Release|Any CPU
	EndGlobalSection
	GlobalSection(ProjectConfigurationPlatforms) = postSolution
		{452DD1EE-28B2-47E4-B37A-CB20D0AEA9C6}.Debug|Any CPU.ActiveCfg = Debug|Any CPU
		{452DD1EE-28B2-47E4-B37A-CB20D0AEA9C6}.Debug|Any CPU.Build.0 = Debug|Any CPU
		{452DD1EE-28B2-47E4-B37A-CB20D0AEA9C6}.Release|Any CPU.ActiveCfg = Release|Any CPU
		{452DD1EE-28B2-47E4-B37A-CB20D0AEA9C6}.Release|Any CPU.Build.0 = Release|Any CPU
		{CF961989-F792-41ED-A768-CDE169E70302}.Debug|Any CPU.ActiveCfg = Debug|Any CPU
		{CF961989-F792-41ED-A768-CDE169E70302}.Debug|Any CPU.Build.0 = Debug|Any CPU
		{CF961989-F792-41ED-A768-CDE169E70302}.Release|Any CPU.ActiveCfg = Release|Any CPU
		{CF961989-F792-41ED-A768-CDE169E70302}.Release|Any CPU.Build.0 = Release|Any CPU
		{4FB39320-9A9C-46E4-B933-EA35DC4944D1}.Debug|Any CPU.ActiveCfg = Debug|Any CPU
		{4FB39320-9A9C-46E4-B933-EA35DC4944D1}.Debug|Any CPU.Build.0 = Debug|Any CPU
		{4FB39320-9A9C-46E4-B933-EA35DC4944D1}.Release|Any CPU.ActiveCfg = Release|Any CPU
		{4FB39320-9A9C-46E4-B933-EA35DC4944D1}.Release|Any CPU.Build.0 = Release|Any CPU
		{1E3010FC-8A09-4E35-8EFF-DAD2A63820DA}.Debug|Any CPU.ActiveCfg = Debug|Any CPU
		{1E3010FC-8A09-4E35-8EFF-DAD2A63820DA}.Debug|Any CPU.Build.0 = Debug|Any CPU
		{1E3010FC-8A09-4E35-8EFF-DAD2A63820DA}.Release|Any CPU.ActiveCfg = Release|Any CPU
		{1E3010FC-8A09-4E35-8EFF-DAD2A63820DA}.Release|Any CPU.Build.0 = Release|Any CPU
	EndGlobalSection
	GlobalSection(SolutionProperties) = preSolution
		HideSolutionNode = FALSE
	EndGlobalSection
	GlobalSection(ExtensibilityGlobals) = postSolution
		SolutionGuid = {FA7FBA43-DDA1-4606-AAA8-BEE43B2ED7A9}
	EndGlobalSection
EndGlobal
